
Microsoft Visual Studio Solution File, Format Version 11.00
# Visual Studio 2010
Project("{E24C65DC-7377-472B-9ABA-BC803B73C61A}") = "RaboVerdeSilverlightSite", "RaboVerdeSilverlightSite\", "{6B3E3443-6873-4CC2-BCAC-DC808E728B4C}"
	ProjectSection(WebsiteProperties) = preProject
		TargetFrameworkMoniker = ".NETFramework,Version%3Dv4.0"
		Debug.AspNetCompiler.VirtualPath = "/RaboVerdeSilverlightSite"
		Debug.AspNetCompiler.PhysicalPath = "RaboVerdeSilverlightSite\"
		Debug.AspNetCompiler.TargetPath = "PrecompiledWeb\RaboVerdeSilverlightSite\"
		Debug.AspNetCompiler.Updateable = "true"
		Debug.AspNetCompiler.ForceOverwrite = "true"
		Debug.AspNetCompiler.FixedNames = "false"
		Debug.AspNetCompiler.Debug = "True"
		Release.AspNetCompiler.VirtualPath = "/RaboVerdeSilverlightSite"
		Release.AspNetCompiler.PhysicalPath = "RaboVerdeSilverlightSite\"
		Release.AspNetCompiler.TargetPath = "PrecompiledWeb\RaboVerdeSilverlightSite\"
		Release.AspNetCompiler.Updateable = "true"
		Release.AspNetCompiler.ForceOverwrite = "true"
		Release.AspNetCompiler.FixedNames = "false"
		Release.AspNetCompiler.Debug = "False"
		VWDPort = "4981"
		ProjOutputReferences = "{ec7476db-0b78-42cc-8cb8-7a0305cdb1d1}|ClientBin|false;"
	EndProjectSection
EndProject
Project("{FAE04EC0-301F-11D3-BF4B-00C04F79EFBC}") = "RaboVerdeSilverlight", "RaboVerdeSilverlight\RaboVerdeSilverlight.csproj", "{EC7476DB-0B78-42CC-8CB8-7A0305CDB1D1}"
EndProject
Global
	GlobalSection(SolutionConfigurationPlatforms) = preSolution
		Debug|Any CPU = Debug|Any CPU
		Release|Any CPU = Release|Any CPU
	EndGlobalSection
	GlobalSection(ProjectConfigurationPlatforms) = postSolution
		{6B3E3443-6873-4CC2-BCAC-DC808E728B4C}.Debug|Any CPU.ActiveCfg = Debug|Any CPU
		{6B3E3443-6873-4CC2-BCAC-DC808E728B4C}.Debug|Any CPU.Build.0 = Debug|Any CPU
		{6B3E3443-6873-4CC2-BCAC-DC808E728B4C}.Release|Any CPU.ActiveCfg = Release|Any CPU
		{6B3E3443-6873-4CC2-BCAC-DC808E728B4C}.Release|Any CPU.Build.0 = Release|Any CPU
		{EC7476DB-0B78-42CC-8CB8-7A0305CDB1D1}.Debug|Any CPU.ActiveCfg = Debug|Any CPU
		{EC7476DB-0B78-42CC-8CB8-7A0305CDB1D1}.Debug|Any CPU.Build.0 = Debug|Any CPU
		{EC7476DB-0B78-42CC-8CB8-7A0305CDB1D1}.Release|Any CPU.ActiveCfg = Release|Any CPU
		{EC7476DB-0B78-42CC-8CB8-7A0305CDB1D1}.Release|Any CPU.Build.0 = Release|Any CPU
	EndGlobalSection
	GlobalSection(SolutionProperties) = preSolution
		HideSolutionNode = FALSE
	EndGlobalSection
EndGlobal
